{
    "configuration": {
        "provider_config": {
            "aws": {
                "expressions": {
                    "region": {
                        "constant_value": "us-west-1"
                    }
                },
                "name": "aws"
            }
        },
        "root_module": {
            "resources": [
                {
                    "address": "aws_autoscaling_group.my_asg",
                    "expressions": {
                        "availability_zones": {
                            "constant_value": [
                                "us-west-1a"
                            ]
                        },
                        "desired_capacity": {
                            "constant_value": 4
                        },
                        "force_delete": {
                            "constant_value": true
                        },
                        "health_check_grace_period": {
                            "constant_value": 300
                        },
                        "health_check_type": {
                            "constant_value": "ELB"
                        },
                        "launch_configuration": {
                            "constant_value": "my_web_config"
                        },
                        "max_size": {
                            "constant_value": 5
                        },
                        "min_size": {
                            "constant_value": 1
                        },
                        "name": {
                            "constant_value": "my_asg"
                        }
                    },
                    "mode": "managed",
                    "name": "my_asg",
                    "provider_config_key": "aws",
                    "schema_version": 0,
                    "type": "aws_autoscaling_group"
                },
                {
                    "address": "aws_instance.web",
                    "expressions": {
                        "ami": {
                            "constant_value": "ami-09b4b74c"
                        },
                        "instance_type": {
                            "constant_value": "t2.micro"
                        }
                    },
                    "mode": "managed",
                    "name": "web",
                    "provider_config_key": "aws",
                    "schema_version": 1,
                    "type": "aws_instance"
                },
                {
                    "address": "aws_launch_configuration.my_web_config",
                    "expressions": {
                        "image_id": {
                            "constant_value": "ami-09b4b74c"
                        },
                        "instance_type": {
                            "constant_value": "t2.micro"
                        },
                        "name": {
                            "constant_value": "my_web_config"
                        }
                    },
                    "mode": "managed",
                    "name": "my_web_config",
                    "provider_config_key": "aws",
                    "schema_version": 0,
                    "type": "aws_launch_configuration"
                }
            ]
        }
    },
    "format_version": "0.1",
    "planned_values": {
        "root_module": {
            "resources": [
                {
                    "address": "aws_autoscaling_group.my_asg",
                    "mode": "managed",
                    "name": "my_asg",
                    "provider_name": "aws",
                    "schema_version": 0,
                    "type": "aws_autoscaling_group",
                    "values": {
                        "availability_zones": [
                            "us-west-1a"
                        ],
                        "desired_capacity": 4,
                        "enabled_metrics": null,
                        "force_delete": true,
                        "health_check_grace_period": 300,
                        "health_check_type": "ELB",
                        "initial_lifecycle_hook": [],
                        "launch_configuration": "my_web_config",
                        "launch_template": [],
                        "max_size": 5,
                        "metrics_granularity": "1Minute",
                        "min_elb_capacity": null,
                        "min_size": 1,
                        "mixed_instances_policy": [],
                        "name": "my_asg",
                        "name_prefix": null,
                        "placement_group": null,
                        "protect_from_scale_in": false,
                        "suspended_processes": null,
                        "tag": [],
                        "tags": null,
                        "termination_policies": null,
                        "timeouts": null,
                        "wait_for_capacity_timeout": "10m",
                        "wait_for_elb_capacity": null
                    }
                },
                {
                    "address": "aws_instance.web",
                    "mode": "managed",
                    "name": "web",
                    "provider_name": "aws",
                    "schema_version": 1,
                    "type": "aws_instance",
                    "values": {
                        "ami": "ami-09b4b74c",
                        "credit_specification": [],
                        "disable_api_termination": null,
                        "ebs_optimized": null,
                        "get_password_data": false,
                        "iam_instance_profile": null,
                        "instance_initiated_shutdown_behavior": null,
                        "instance_type": "t2.micro",
                        "monitoring": null,
                        "source_dest_check": true,
                        "tags": null,
                        "timeouts": null,
                        "user_data": null,
                        "user_data_base64": null
                    }
                },
                {
                    "address": "aws_launch_configuration.my_web_config",
                    "mode": "managed",
                    "name": "my_web_config",
                    "provider_name": "aws",
                    "schema_version": 0,
                    "type": "aws_launch_configuration",
                    "values": {
                        "associate_public_ip_address": false,
                        "enable_monitoring": true,
                        "ephemeral_block_device": [],
                        "iam_instance_profile": null,
                        "image_id": "ami-09b4b74c",
                        "instance_type": "t2.micro",
                        "name": "my_web_config",
                        "name_prefix": null,
                        "placement_tenancy": null,
                        "security_groups": null,
                        "spot_price": null,
                        "user_data": null,
                        "user_data_base64": null,
                        "vpc_classic_link_id": null,
                        "vpc_classic_link_security_groups": null
                    }
                }
            ]
        }
    },
    "resource_changes": [
        {
            "address": "aws_autoscaling_group.my_asg",
            "change": {
                "actions": [
                    "create"
                ],
                "after": {
                    "availability_zones": [
                        "us-west-1a"
                    ],
                    "desired_capacity": 4,
                    "enabled_metrics": null,
                    "force_delete": true,
                    "health_check_grace_period": 300,
                    "health_check_type": "ELB",
                    "initial_lifecycle_hook": [],
                    "launch_configuration": "my_web_config",
                    "launch_template": [],
                    "max_size": 5,
                    "metrics_granularity": "1Minute",
                    "min_elb_capacity": null,
                    "min_size": 1,
                    "mixed_instances_policy": [],
                    "name": "my_asg",
                    "name_prefix": null,
                    "placement_group": null,
                    "protect_from_scale_in": false,
                    "suspended_processes": null,
                    "tag": [],
                    "tags": null,
                    "termination_policies": null,
                    "timeouts": null,
                    "wait_for_capacity_timeout": "10m",
                    "wait_for_elb_capacity": null
                },
                "after_unknown": {
                    "arn": true,
                    "availability_zones": [
                        false
                    ],
                    "default_cooldown": true,
                    "id": true,
                    "initial_lifecycle_hook": [],
                    "launch_template": [],
                    "load_balancers": true,
                    "mixed_instances_policy": [],
                    "service_linked_role_arn": true,
                    "tag": [],
                    "target_group_arns": true,
                    "vpc_zone_identifier": true
                },
                "before": null
            },
            "mode": "managed",
            "name": "my_asg",
            "provider_name": "aws",
            "type": "aws_autoscaling_group"
        },
        {
            "address": "aws_instance.web",
            "change": {
                "actions": [
                    "create"
                ],
                "after": {
                    "ami": "ami-09b4b74c",
                    "credit_specification": [],
                    "disable_api_termination": null,
                    "ebs_optimized": null,
                    "get_password_data": false,
                    "iam_instance_profile": null,
                    "instance_initiated_shutdown_behavior": null,
                    "instance_type": "t2.micro",
                    "monitoring": null,
                    "source_dest_check": true,
                    "tags": null,
                    "timeouts": null,
                    "user_data": null,
                    "user_data_base64": null
                },
                "after_unknown": {
                    "arn": true,
                    "associate_public_ip_address": true,
                    "availability_zone": true,
                    "cpu_core_count": true,
                    "cpu_threads_per_core": true,
                    "credit_specification": [],
                    "ebs_block_device": true,
                    "ephemeral_block_device": true,
                    "host_id": true,
                    "id": true,
                    "instance_state": true,
                    "ipv6_address_count": true,
                    "ipv6_addresses": true,
                    "key_name": true,
                    "network_interface": true,
                    "network_interface_id": true,
                    "password_data": true,
                    "placement_group": true,
                    "primary_network_interface_id": true,
                    "private_dns": true,
                    "private_ip": true,
                    "public_dns": true,
                    "public_ip": true,
                    "root_block_device": true,
                    "security_groups": true,
                    "subnet_id": true,
                    "tenancy": true,
                    "volume_tags": true,
                    "vpc_security_group_ids": true
                },
                "before": null
            },
            "mode": "managed",
            "name": "web",
            "provider_name": "aws",
            "type": "aws_instance"
        },
        {
            "address": "aws_launch_configuration.my_web_config",
            "change": {
                "actions": [
                    "create"
                ],
                "after": {
                    "associate_public_ip_address": false,
                    "enable_monitoring": true,
                    "ephemeral_block_device": [],
                    "iam_instance_profile": null,
                    "image_id": "ami-09b4b74c",
                    "instance_type": "t2.micro",
                    "name": "my_web_config",
                    "name_prefix": null,
                    "placement_tenancy": null,
                    "security_groups": null,
                    "spot_price": null,
                    "user_data": null,
                    "user_data_base64": null,
                    "vpc_classic_link_id": null,
                    "vpc_classic_link_security_groups": null
                },
                "after_unknown": {
                    "ebs_block_device": true,
                    "ebs_optimized": true,
                    "ephemeral_block_device": [],
                    "id": true,
                    "key_name": true,
                    "root_block_device": true
                },
                "before": null
            },
            "mode": "managed",
            "name": "my_web_config",
            "provider_name": "aws",
            "type": "aws_launch_configuration"
        }
    ],
    "terraform_version": "0.12.6"
}
